# This file is generated by running "yarn install" inside your project.
# Manual changes might be lost - proceed with caution!

__metadata:
  version: 9
  cacheKey: 10c0

"cm5-vim@workspace:.":
  version: 0.0.0-use.local
  resolution: "cm5-vim@workspace:."
  dependencies:
    codemirror: "npm:5.*"
  languageName: unknown
  linkType: soft

"codemirror@npm:5.*":
  version: 5.65.21
  resolution: "codemirror@npm:5.65.21"
  checksum: 10c0/0884fc54ad32cbfa7605b23c8e9c0085d71856178f88448e6912335dddce321edab1326202b3778647658e7debdff07329f30e30b32f8fb4ba501582f798495a
  languageName: node
  linkType: hard
